
Microsoft Visual Studio Solution File, Format Version 11.00
# Visual Studio 2010
Project("{FAE04EC0-301F-11D3-BF4B-00C04F79EFBC}") = "Assembly-CSharp", "Assembly-CSharp.csproj", "{F99CD178-89A7-C5F0-67FE-3BFEA5874211}"
EndProject
Project("{FAE04EC0-301F-11D3-BF4B-00C04F79EFBC}") = "Assembly-CSharp-Editor", "Assembly-CSharp-Editor.csproj", "{57E69575-B531-B0F6-E00E-1B5942FE2D74}"
EndProject
Global
	GlobalSection(SolutionConfigurationPlatforms) = preSolution
		Debug|Any CPU = Debug|Any CPU
		Release|Any CPU = Release|Any CPU
	EndGlobalSection
	GlobalSection(ProjectConfigurationPlatforms) = postSolution
		{F99CD178-89A7-C5F0-67FE-3BFEA5874211}.Debug|Any CPU.ActiveCfg = Debug|Any CPU
		{F99CD178-89A7-C5F0-67FE-3BFEA5874211}.Debug|Any CPU.Build.0 = Debug|Any CPU
		{F99CD178-89A7-C5F0-67FE-3BFEA5874211}.Release|Any CPU.ActiveCfg = Release|Any CPU
		{F99CD178-89A7-C5F0-67FE-3BFEA5874211}.Release|Any CPU.Build.0 = Release|Any CPU
		{57E69575-B531-B0F6-E00E-1B5942FE2D74}.Debug|Any CPU.ActiveCfg = Debug|Any CPU
		{57E69575-B531-B0F6-E00E-1B5942FE2D74}.Debug|Any CPU.Build.0 = Debug|Any CPU
		{57E69575-B531-B0F6-E00E-1B5942FE2D74}.Release|Any CPU.ActiveCfg = Release|Any CPU
		{57E69575-B531-B0F6-E00E-1B5942FE2D74}.Release|Any CPU.Build.0 = Release|Any CPU
	EndGlobalSection
	GlobalSection(SolutionProperties) = preSolution
		HideSolutionNode = FALSE
	EndGlobalSection
EndGlobal
